{
  "version": 4,
  "terraform_version": "1.5.6",
  "serial": 77,
  "lineage": "d11bb16b-672b-a7c9-0345-da80a748bcc6",
  "outputs": {},
  "resources": [
    {
      "mode": "managed",
      "type": "azurerm_network_interface",
      "name": "personal",
      "provider": "provider[\"registry.terraform.io/hashicorp/azurerm\"]",
      "instances": [
        {
          "index_key": 0,
          "schema_version": 0,
          "attributes": {
            "applied_dns_servers": [],
            "dns_servers": [],
            "edge_zone": "",
            "enable_accelerated_networking": false,
            "enable_ip_forwarding": false,
            "id": "/subscriptions/16a1a756-aaf0-4c8b-9e40-c890ecc0ef6e/resourceGroups/personal-resources/providers/Microsoft.Network/networkInterfaces/personal-nic-0",
            "internal_dns_name_label": "",
            "internal_domain_name_suffix": "4ltasfqyhyaexoydscbgw0hkbb.rx.internal.cloudapp.net",
            "ip_configuration": [
              {
                "gateway_load_balancer_frontend_ip_configuration_id": "",
                "name": "internal",
                "primary": true,
                "private_ip_address": "10.0.1.5",
                "private_ip_address_allocation": "Dynamic",
                "private_ip_address_version": "IPv4",
                "public_ip_address_id": "/subscriptions/16a1a756-aaf0-4c8b-9e40-c890ecc0ef6e/resourceGroups/personal-resources/providers/Microsoft.Network/publicIPAddresses/personal-publicip-0",
                "subnet_id": "/subscriptions/16a1a756-aaf0-4c8b-9e40-c890ecc0ef6e/resourceGroups/personal-resources/providers/Microsoft.Network/virtualNetworks/personal-network/subnets/personal-subnet"
              }
            ],
            "location": "centralindia",
            "mac_address": "",
            "name": "personal-nic-0",
            "private_ip_address": "10.0.1.5",
            "private_ip_addresses": [
              "10.0.1.5"
            ],
            "resource_group_name": "personal-resources",
            "tags": {},
            "timeouts": null,
            "virtual_machine_id": ""
          },
          "sensitive_attributes": [],
          "private": "eyJlMmJmYjczMC1lY2FhLTExZTYtOGY4OC0zNDM2M2JjN2M0YzAiOnsiY3JlYXRlIjoxODAwMDAwMDAwMDAwLCJkZWxldGUiOjE4MDAwMDAwMDAwMDAsInJlYWQiOjMwMDAwMDAwMDAwMCwidXBkYXRlIjoxODAwMDAwMDAwMDAwfX0=",
          "dependencies": [
            "azurerm_public_ip.personal",
            "azurerm_resource_group.personal",
            "azurerm_subnet.personal",
            "azurerm_virtual_network.personal"
          ]
        },
        {
          "index_key": 1,
          "schema_version": 0,
          "attributes": {
            "applied_dns_servers": [],
            "dns_servers": [],
            "edge_zone": "",
            "enable_accelerated_networking": false,
            "enable_ip_forwarding": false,
            "id": "/subscriptions/16a1a756-aaf0-4c8b-9e40-c890ecc0ef6e/resourceGroups/personal-resources/providers/Microsoft.Network/networkInterfaces/personal-nic-1",
            "internal_dns_name_label": "",
            "internal_domain_name_suffix": "4ltasfqyhyaexoydscbgw0hkbb.rx.internal.cloudapp.net",
            "ip_configuration": [
              {
                "gateway_load_balancer_frontend_ip_configuration_id": "",
                "name": "internal",
                "primary": true,
                "private_ip_address": "10.0.1.6",
                "private_ip_address_allocation": "Dynamic",
                "private_ip_address_version": "IPv4",
                "public_ip_address_id": "/subscriptions/16a1a756-aaf0-4c8b-9e40-c890ecc0ef6e/resourceGroups/personal-resources/providers/Microsoft.Network/publicIPAddresses/personal-publicip-1",
                "subnet_id": "/subscriptions/16a1a756-aaf0-4c8b-9e40-c890ecc0ef6e/resourceGroups/personal-resources/providers/Microsoft.Network/virtualNetworks/personal-network/subnets/personal-subnet"
              }
            ],
            "location": "centralindia",
            "mac_address": "",
            "name": "personal-nic-1",
            "private_ip_address": "10.0.1.6",
            "private_ip_addresses": [
              "10.0.1.6"
            ],
            "resource_group_name": "personal-resources",
            "tags": {},
            "timeouts": null,
            "virtual_machine_id": ""
          },
          "sensitive_attributes": [],
          "private": "eyJlMmJmYjczMC1lY2FhLTExZTYtOGY4OC0zNDM2M2JjN2M0YzAiOnsiY3JlYXRlIjoxODAwMDAwMDAwMDAwLCJkZWxldGUiOjE4MDAwMDAwMDAwMDAsInJlYWQiOjMwMDAwMDAwMDAwMCwidXBkYXRlIjoxODAwMDAwMDAwMDAwfX0=",
          "dependencies": [
            "azurerm_public_ip.personal",
            "azurerm_resource_group.personal",
            "azurerm_subnet.personal",
            "azurerm_virtual_network.personal"
          ]
        },
        {
          "index_key": 2,
          "schema_version": 0,
          "attributes": {
            "applied_dns_servers": [],
            "dns_servers": [],
            "edge_zone": "",
            "enable_accelerated_networking": false,
            "enable_ip_forwarding": false,
            "id": "/subscriptions/16a1a756-aaf0-4c8b-9e40-c890ecc0ef6e/resourceGroups/personal-resources/providers/Microsoft.Network/networkInterfaces/personal-nic-2",
            "internal_dns_name_label": "",
            "internal_domain_name_suffix": "4ltasfqyhyaexoydscbgw0hkbb.rx.internal.cloudapp.net",
            "ip_configuration": [
              {
                "gateway_load_balancer_frontend_ip_configuration_id": "",
                "name": "internal",
                "primary": true,
                "private_ip_address": "10.0.1.4",
                "private_ip_address_allocation": "Dynamic",
                "private_ip_address_version": "IPv4",
                "public_ip_address_id": "/subscriptions/16a1a756-aaf0-4c8b-9e40-c890ecc0ef6e/resourceGroups/personal-resources/providers/Microsoft.Network/publicIPAddresses/personal-publicip-2",
                "subnet_id": "/subscriptions/16a1a756-aaf0-4c8b-9e40-c890ecc0ef6e/resourceGroups/personal-resources/providers/Microsoft.Network/virtualNetworks/personal-network/subnets/personal-subnet"
              }
            ],
            "location": "centralindia",
            "mac_address": "",
            "name": "personal-nic-2",
            "private_ip_address": "10.0.1.4",
            "private_ip_addresses": [
              "10.0.1.4"
            ],
            "resource_group_name": "personal-resources",
            "tags": {},
            "timeouts": null,
            "virtual_machine_id": ""
          },
          "sensitive_attributes": [],
          "private": "eyJlMmJmYjczMC1lY2FhLTExZTYtOGY4OC0zNDM2M2JjN2M0YzAiOnsiY3JlYXRlIjoxODAwMDAwMDAwMDAwLCJkZWxldGUiOjE4MDAwMDAwMDAwMDAsInJlYWQiOjMwMDAwMDAwMDAwMCwidXBkYXRlIjoxODAwMDAwMDAwMDAwfX0=",
          "dependencies": [
            "azurerm_public_ip.personal",
            "azurerm_resource_group.personal",
            "azurerm_subnet.personal",
            "azurerm_virtual_network.personal"
          ]
        }
      ]
    },
    {
      "mode": "managed",
      "type": "azurerm_network_security_group",
      "name": "personal",
      "provider": "provider[\"registry.terraform.io/hashicorp/azurerm\"]",
      "instances": [
        {
          "schema_version": 0,
          "attributes": {
            "id": "/subscriptions/16a1a756-aaf0-4c8b-9e40-c890ecc0ef6e/resourceGroups/personal-resources/providers/Microsoft.Network/networkSecurityGroups/personal-nsg",
            "location": "centralindia",
            "name": "personal-nsg",
            "resource_group_name": "personal-resources",
            "security_rule": [
              {
                "access": "Allow",
                "description": "",
                "destination_address_prefix": "10.0.1.4",
                "destination_address_prefixes": [],
                "destination_application_security_group_ids": [],
                "destination_port_range": "22",
                "destination_port_ranges": [],
                "direction": "Inbound",
                "name": "allow-ssh-2",
                "priority": 102,
                "protocol": "Tcp",
                "source_address_prefix": "0.0.0.0/0",
                "source_address_prefixes": [],
                "source_application_security_group_ids": [],
                "source_port_range": "*",
                "source_port_ranges": []
              },
              {
                "access": "Allow",
                "description": "",
                "destination_address_prefix": "10.0.1.5",
                "destination_address_prefixes": [],
                "destination_application_security_group_ids": [],
                "destination_port_range": "22",
                "destination_port_ranges": [],
                "direction": "Inbound",
                "name": "allow-ssh-0",
                "priority": 100,
                "protocol": "Tcp",
                "source_address_prefix": "0.0.0.0/0",
                "source_address_prefixes": [],
                "source_application_security_group_ids": [],
                "source_port_range": "*",
                "source_port_ranges": []
              },
              {
                "access": "Allow",
                "description": "",
                "destination_address_prefix": "10.0.1.6",
                "destination_address_prefixes": [],
                "destination_application_security_group_ids": [],
                "destination_port_range": "22",
                "destination_port_ranges": [],
                "direction": "Inbound",
                "name": "allow-ssh-1",
                "priority": 101,
                "protocol": "Tcp",
                "source_address_prefix": "0.0.0.0/0",
                "source_address_prefixes": [],
                "source_application_security_group_ids": [],
                "source_port_range": "*",
                "source_port_ranges": []
              }
            ],
            "tags": {},
            "timeouts": null
          },
          "sensitive_attributes": [],
          "private": "eyJlMmJmYjczMC1lY2FhLTExZTYtOGY4OC0zNDM2M2JjN2M0YzAiOnsiY3JlYXRlIjoxODAwMDAwMDAwMDAwLCJkZWxldGUiOjE4MDAwMDAwMDAwMDAsInJlYWQiOjMwMDAwMDAwMDAwMCwidXBkYXRlIjoxODAwMDAwMDAwMDAwfX0=",
          "dependencies": [
            "azurerm_resource_group.personal"
          ]
        }
      ]
    },
    {
      "mode": "managed",
      "type": "azurerm_network_security_rule",
      "name": "personal",
      "provider": "provider[\"registry.terraform.io/hashicorp/azurerm\"]",
      "instances": [
        {
          "index_key": 0,
          "schema_version": 0,
          "attributes": {
            "access": "Allow",
            "description": "",
            "destination_address_prefix": "10.0.1.5",
            "destination_address_prefixes": [],
            "destination_application_security_group_ids": [],
            "destination_port_range": "22",
            "destination_port_ranges": [],
            "direction": "Inbound",
            "id": "/subscriptions/16a1a756-aaf0-4c8b-9e40-c890ecc0ef6e/resourceGroups/personal-resources/providers/Microsoft.Network/networkSecurityGroups/personal-nsg/securityRules/allow-ssh-0",
            "name": "allow-ssh-0",
            "network_security_group_name": "personal-nsg",
            "priority": 100,
            "protocol": "Tcp",
            "resource_group_name": "personal-resources",
            "source_address_prefix": "0.0.0.0/0",
            "source_address_prefixes": [],
            "source_application_security_group_ids": [],
            "source_port_range": "*",
            "source_port_ranges": [],
            "timeouts": null
          },
          "sensitive_attributes": [],
          "private": "eyJlMmJmYjczMC1lY2FhLTExZTYtOGY4OC0zNDM2M2JjN2M0YzAiOnsiY3JlYXRlIjoxODAwMDAwMDAwMDAwLCJkZWxldGUiOjE4MDAwMDAwMDAwMDAsInJlYWQiOjMwMDAwMDAwMDAwMCwidXBkYXRlIjoxODAwMDAwMDAwMDAwfX0=",
          "dependencies": [
            "azurerm_network_interface.personal",
            "azurerm_network_security_group.personal",
            "azurerm_public_ip.personal",
            "azurerm_resource_group.personal",
            "azurerm_subnet.personal",
            "azurerm_virtual_network.personal"
          ]
        },
        {
          "index_key": 1,
          "schema_version": 0,
          "attributes": {
            "access": "Allow",
            "description": "",
            "destination_address_prefix": "10.0.1.6",
            "destination_address_prefixes": [],
            "destination_application_security_group_ids": [],
            "destination_port_range": "22",
            "destination_port_ranges": [],
            "direction": "Inbound",
            "id": "/subscriptions/16a1a756-aaf0-4c8b-9e40-c890ecc0ef6e/resourceGroups/personal-resources/providers/Microsoft.Network/networkSecurityGroups/personal-nsg/securityRules/allow-ssh-1",
            "name": "allow-ssh-1",
            "network_security_group_name": "personal-nsg",
            "priority": 101,
            "protocol": "Tcp",
            "resource_group_name": "personal-resources",
            "source_address_prefix": "0.0.0.0/0",
            "source_address_prefixes": [],
            "source_application_security_group_ids": [],
            "source_port_range": "*",
            "source_port_ranges": [],
            "timeouts": null
          },
          "sensitive_attributes": [],
          "private": "eyJlMmJmYjczMC1lY2FhLTExZTYtOGY4OC0zNDM2M2JjN2M0YzAiOnsiY3JlYXRlIjoxODAwMDAwMDAwMDAwLCJkZWxldGUiOjE4MDAwMDAwMDAwMDAsInJlYWQiOjMwMDAwMDAwMDAwMCwidXBkYXRlIjoxODAwMDAwMDAwMDAwfX0=",
          "dependencies": [
            "azurerm_network_interface.personal",
            "azurerm_network_security_group.personal",
            "azurerm_public_ip.personal",
            "azurerm_resource_group.personal",
            "azurerm_subnet.personal",
            "azurerm_virtual_network.personal"
          ]
        },
        {
          "index_key": 2,
          "schema_version": 0,
          "attributes": {
            "access": "Allow",
            "description": "",
            "destination_address_prefix": "10.0.1.4",
            "destination_address_prefixes": [],
            "destination_application_security_group_ids": [],
            "destination_port_range": "22",
            "destination_port_ranges": [],
            "direction": "Inbound",
            "id": "/subscriptions/16a1a756-aaf0-4c8b-9e40-c890ecc0ef6e/resourceGroups/personal-resources/providers/Microsoft.Network/networkSecurityGroups/personal-nsg/securityRules/allow-ssh-2",
            "name": "allow-ssh-2",
            "network_security_group_name": "personal-nsg",
            "priority": 102,
            "protocol": "Tcp",
            "resource_group_name": "personal-resources",
            "source_address_prefix": "0.0.0.0/0",
            "source_address_prefixes": [],
            "source_application_security_group_ids": [],
            "source_port_range": "*",
            "source_port_ranges": [],
            "timeouts": null
          },
          "sensitive_attributes": [],
          "private": "eyJlMmJmYjczMC1lY2FhLTExZTYtOGY4OC0zNDM2M2JjN2M0YzAiOnsiY3JlYXRlIjoxODAwMDAwMDAwMDAwLCJkZWxldGUiOjE4MDAwMDAwMDAwMDAsInJlYWQiOjMwMDAwMDAwMDAwMCwidXBkYXRlIjoxODAwMDAwMDAwMDAwfX0=",
          "dependencies": [
            "azurerm_network_interface.personal",
            "azurerm_network_security_group.personal",
            "azurerm_public_ip.personal",
            "azurerm_resource_group.personal",
            "azurerm_subnet.personal",
            "azurerm_virtual_network.personal"
          ]
        }
      ]
    },
    {
      "mode": "managed",
      "type": "azurerm_public_ip",
      "name": "personal",
      "provider": "provider[\"registry.terraform.io/hashicorp/azurerm\"]",
      "instances": [
        {
          "index_key": 0,
          "schema_version": 0,
          "attributes": {
            "allocation_method": "Dynamic",
            "ddos_protection_mode": "VirtualNetworkInherited",
            "ddos_protection_plan_id": null,
            "domain_name_label": null,
            "edge_zone": "",
            "fqdn": null,
            "id": "/subscriptions/16a1a756-aaf0-4c8b-9e40-c890ecc0ef6e/resourceGroups/personal-resources/providers/Microsoft.Network/publicIPAddresses/personal-publicip-0",
            "idle_timeout_in_minutes": 4,
            "ip_address": "",
            "ip_tags": {},
            "ip_version": "IPv4",
            "location": "centralindia",
            "name": "personal-publicip-0",
            "public_ip_prefix_id": null,
            "resource_group_name": "personal-resources",
            "reverse_fqdn": null,
            "sku": "Basic",
            "sku_tier": "Regional",
            "tags": {},
            "timeouts": null,
            "zones": []
          },
          "sensitive_attributes": [],
          "private": "eyJlMmJmYjczMC1lY2FhLTExZTYtOGY4OC0zNDM2M2JjN2M0YzAiOnsiY3JlYXRlIjoxODAwMDAwMDAwMDAwLCJkZWxldGUiOjE4MDAwMDAwMDAwMDAsInJlYWQiOjMwMDAwMDAwMDAwMCwidXBkYXRlIjoxODAwMDAwMDAwMDAwfX0=",
          "dependencies": [
            "azurerm_resource_group.personal"
          ]
        },
        {
          "index_key": 1,
          "schema_version": 0,
          "attributes": {
            "allocation_method": "Dynamic",
            "ddos_protection_mode": "VirtualNetworkInherited",
            "ddos_protection_plan_id": null,
            "domain_name_label": null,
            "edge_zone": "",
            "fqdn": null,
            "id": "/subscriptions/16a1a756-aaf0-4c8b-9e40-c890ecc0ef6e/resourceGroups/personal-resources/providers/Microsoft.Network/publicIPAddresses/personal-publicip-1",
            "idle_timeout_in_minutes": 4,
            "ip_address": "",
            "ip_tags": {},
            "ip_version": "IPv4",
            "location": "centralindia",
            "name": "personal-publicip-1",
            "public_ip_prefix_id": null,
            "resource_group_name": "personal-resources",
            "reverse_fqdn": null,
            "sku": "Basic",
            "sku_tier": "Regional",
            "tags": {},
            "timeouts": null,
            "zones": []
          },
          "sensitive_attributes": [],
          "private": "eyJlMmJmYjczMC1lY2FhLTExZTYtOGY4OC0zNDM2M2JjN2M0YzAiOnsiY3JlYXRlIjoxODAwMDAwMDAwMDAwLCJkZWxldGUiOjE4MDAwMDAwMDAwMDAsInJlYWQiOjMwMDAwMDAwMDAwMCwidXBkYXRlIjoxODAwMDAwMDAwMDAwfX0=",
          "dependencies": [
            "azurerm_resource_group.personal"
          ]
        },
        {
          "index_key": 2,
          "schema_version": 0,
          "attributes": {
            "allocation_method": "Dynamic",
            "ddos_protection_mode": "VirtualNetworkInherited",
            "ddos_protection_plan_id": null,
            "domain_name_label": null,
            "edge_zone": "",
            "fqdn": null,
            "id": "/subscriptions/16a1a756-aaf0-4c8b-9e40-c890ecc0ef6e/resourceGroups/personal-resources/providers/Microsoft.Network/publicIPAddresses/personal-publicip-2",
            "idle_timeout_in_minutes": 4,
            "ip_address": "",
            "ip_tags": {},
            "ip_version": "IPv4",
            "location": "centralindia",
            "name": "personal-publicip-2",
            "public_ip_prefix_id": null,
            "resource_group_name": "personal-resources",
            "reverse_fqdn": null,
            "sku": "Basic",
            "sku_tier": "Regional",
            "tags": {},
            "timeouts": null,
            "zones": []
          },
          "sensitive_attributes": [],
          "private": "eyJlMmJmYjczMC1lY2FhLTExZTYtOGY4OC0zNDM2M2JjN2M0YzAiOnsiY3JlYXRlIjoxODAwMDAwMDAwMDAwLCJkZWxldGUiOjE4MDAwMDAwMDAwMDAsInJlYWQiOjMwMDAwMDAwMDAwMCwidXBkYXRlIjoxODAwMDAwMDAwMDAwfX0=",
          "dependencies": [
            "azurerm_resource_group.personal"
          ]
        }
      ]
    },
    {
      "mode": "managed",
      "type": "azurerm_resource_group",
      "name": "personal",
      "provider": "provider[\"registry.terraform.io/hashicorp/azurerm\"]",
      "instances": [
        {
          "schema_version": 0,
          "attributes": {
            "id": "/subscriptions/16a1a756-aaf0-4c8b-9e40-c890ecc0ef6e/resourceGroups/personal-resources",
            "location": "centralindia",
            "managed_by": "",
            "name": "personal-resources",
            "tags": {},
            "timeouts": null
          },
          "sensitive_attributes": [],
          "private": "eyJlMmJmYjczMC1lY2FhLTExZTYtOGY4OC0zNDM2M2JjN2M0YzAiOnsiY3JlYXRlIjo1NDAwMDAwMDAwMDAwLCJkZWxldGUiOjU0MDAwMDAwMDAwMDAsInJlYWQiOjMwMDAwMDAwMDAwMCwidXBkYXRlIjo1NDAwMDAwMDAwMDAwfX0="
        }
      ]
    },
    {
      "mode": "managed",
      "type": "azurerm_subnet",
      "name": "personal",
      "provider": "provider[\"registry.terraform.io/hashicorp/azurerm\"]",
      "instances": [
        {
          "schema_version": 0,
          "attributes": {
            "address_prefixes": [
              "10.0.1.0/24"
            ],
            "delegation": [],
            "enforce_private_link_endpoint_network_policies": false,
            "enforce_private_link_service_network_policies": false,
            "id": "/subscriptions/16a1a756-aaf0-4c8b-9e40-c890ecc0ef6e/resourceGroups/personal-resources/providers/Microsoft.Network/virtualNetworks/personal-network/subnets/personal-subnet",
            "name": "personal-subnet",
            "private_endpoint_network_policies_enabled": true,
            "private_link_service_network_policies_enabled": true,
            "resource_group_name": "personal-resources",
            "service_endpoint_policy_ids": [],
            "service_endpoints": [],
            "timeouts": null,
            "virtual_network_name": "personal-network"
          },
          "sensitive_attributes": [],
          "private": "eyJlMmJmYjczMC1lY2FhLTExZTYtOGY4OC0zNDM2M2JjN2M0YzAiOnsiY3JlYXRlIjoxODAwMDAwMDAwMDAwLCJkZWxldGUiOjE4MDAwMDAwMDAwMDAsInJlYWQiOjMwMDAwMDAwMDAwMCwidXBkYXRlIjoxODAwMDAwMDAwMDAwfX0=",
          "dependencies": [
            "azurerm_resource_group.personal",
            "azurerm_virtual_network.personal"
          ]
        }
      ]
    },
    {
      "mode": "managed",
      "type": "azurerm_virtual_network",
      "name": "personal",
      "provider": "provider[\"registry.terraform.io/hashicorp/azurerm\"]",
      "instances": [
        {
          "schema_version": 0,
          "attributes": {
            "address_space": [
              "10.0.0.0/16"
            ],
            "bgp_community": "",
            "ddos_protection_plan": [],
            "dns_servers": [],
            "edge_zone": "",
            "encryption": [],
            "flow_timeout_in_minutes": 0,
            "guid": "1609e6f2-3e18-4b00-bb03-90826b68ea09",
            "id": "/subscriptions/16a1a756-aaf0-4c8b-9e40-c890ecc0ef6e/resourceGroups/personal-resources/providers/Microsoft.Network/virtualNetworks/personal-network",
            "location": "centralindia",
            "name": "personal-network",
            "resource_group_name": "personal-resources",
            "subnet": [
              {
                "address_prefix": "10.0.1.0/24",
                "id": "/subscriptions/16a1a756-aaf0-4c8b-9e40-c890ecc0ef6e/resourceGroups/personal-resources/providers/Microsoft.Network/virtualNetworks/personal-network/subnets/personal-subnet",
                "name": "personal-subnet",
                "security_group": ""
              }
            ],
            "tags": {},
            "timeouts": null
          },
          "sensitive_attributes": [],
          "private": "eyJlMmJmYjczMC1lY2FhLTExZTYtOGY4OC0zNDM2M2JjN2M0YzAiOnsiY3JlYXRlIjoxODAwMDAwMDAwMDAwLCJkZWxldGUiOjE4MDAwMDAwMDAwMDAsInJlYWQiOjMwMDAwMDAwMDAwMCwidXBkYXRlIjoxODAwMDAwMDAwMDAwfX0=",
          "dependencies": [
            "azurerm_resource_group.personal"
          ]
        }
      ]
    }
  ],
  "check_results": null
}
