{
  "version": 4,
  "terraform_version": "1.5.6",
  "serial": 81,
  "lineage": "d11bb16b-672b-a7c9-0345-da80a748bcc6",
  "outputs": {},
  "resources": [
    {
      "mode": "managed",
      "type": "azurerm_linux_virtual_machine",
      "name": "personal",
      "provider": "provider[\"registry.terraform.io/hashicorp/azurerm\"]",
      "instances": [
        {
          "index_key": 0,
          "schema_version": 0,
          "attributes": {
            "additional_capabilities": [],
            "admin_password": null,
            "admin_ssh_key": [
              {
                "public_key": "ssh-rsa AAAAB3NzaC1yc2EAAAADAQABAAABgQCrAP/K1whla7Rwkrr+Dg7x5xGubrG0uR0WAG1aXmQIWV0LgUwyFP9DrYAdACGxnleOaNNhavOz4d1SPevG/gUjQ+7ww8l3U6HsVrsfrcPvLtktWepPMY+Tk8qdZ91mKHFhb+2q7kILwm/ioA8baIP9lyjqyvem7hHUdVINamnmmIuuiAU9suMZpDnSW2zNvVVX+Y7srTx59XylFq7RQCrZI2BPEPoT0F3rZ1y69QALw1m+2BaXRrnOM+7YcNWT6l66IrsK5++9K49fTB7AIVt7kF371InK7GrgKmKOYlugeNkgbs7VwWug4GRNJtbdIxnI6FQAP7g01GT9BftvetkWLIRfIIWSilYV7IIox+ol9XoTk2VrGHLYfGe4iyuVsvcWGvm82O3SS/BQkzI8GBAHLsZoDcw3NGnoY/Nz4+NTCgjoeqMCuXovgx2A4D2/ZINvuKAvUjfSqlul6RGACC12b0LZoUx6OvzqFvTT5x+rrvuavTCIcgky4BS7TrPdr48= mac@Balas-MacBook-Pro.local\n",
                "username": "adminuser"
              }
            ],
            "admin_username": "adminuser",
            "allow_extension_operations": true,
            "availability_set_id": "",
            "boot_diagnostics": [],
            "bypass_platform_safety_checks_on_user_schedule_enabled": false,
            "capacity_reservation_group_id": "",
            "computer_name": "personal-vm-0",
            "custom_data": null,
            "dedicated_host_group_id": "",
            "dedicated_host_id": "",
            "disable_password_authentication": true,
            "edge_zone": "",
            "encryption_at_host_enabled": false,
            "eviction_policy": "",
            "extensions_time_budget": "PT1H30M",
            "gallery_application": [],
            "id": "/subscriptions/16a1a756-aaf0-4c8b-9e40-c890ecc0ef6e/resourceGroups/personal-resources/providers/Microsoft.Compute/virtualMachines/personal-vm-0",
            "identity": [],
            "license_type": "",
            "location": "centralindia",
            "max_bid_price": -1,
            "name": "personal-vm-0",
            "network_interface_ids": [
              "/subscriptions/16a1a756-aaf0-4c8b-9e40-c890ecc0ef6e/resourceGroups/personal-resources/providers/Microsoft.Network/networkInterfaces/personal-nic-0"
            ],
            "os_disk": [
              {
                "caching": "ReadWrite",
                "diff_disk_settings": [],
                "disk_encryption_set_id": "",
                "disk_size_gb": 30,
                "name": "osdisk-0",
                "secure_vm_disk_encryption_set_id": "",
                "security_encryption_type": "",
                "storage_account_type": "Standard_LRS",
                "write_accelerator_enabled": false
              }
            ],
            "patch_assessment_mode": "ImageDefault",
            "patch_mode": "ImageDefault",
            "plan": [],
            "platform_fault_domain": -1,
            "priority": "Regular",
            "private_ip_address": "10.0.1.5",
            "private_ip_addresses": [
              "10.0.1.5"
            ],
            "provision_vm_agent": true,
            "proximity_placement_group_id": "",
            "public_ip_address": "20.219.167.205",
            "public_ip_addresses": [
              "20.219.167.205"
            ],
            "reboot_setting": "",
            "resource_group_name": "personal-resources",
            "secret": [],
            "secure_boot_enabled": false,
            "size": "Standard_D2_v3",
            "source_image_id": "",
            "source_image_reference": [
              {
                "offer": "debian-11",
                "publisher": "Debian",
                "sku": "11",
                "version": "latest"
              }
            ],
            "tags": null,
            "termination_notification": null,
            "timeouts": null,
            "user_data": "",
            "virtual_machine_id": "ae28be01-2bf4-4d92-a53f-f30de2f4f5f1",
            "virtual_machine_scale_set_id": "",
            "vtpm_enabled": false,
            "zone": ""
          },
          "sensitive_attributes": [],
          "private": "eyJlMmJmYjczMC1lY2FhLTExZTYtOGY4OC0zNDM2M2JjN2M0YzAiOnsiY3JlYXRlIjoyNzAwMDAwMDAwMDAwLCJkZWxldGUiOjI3MDAwMDAwMDAwMDAsInJlYWQiOjMwMDAwMDAwMDAwMCwidXBkYXRlIjoyNzAwMDAwMDAwMDAwfX0=",
          "dependencies": [
            "azurerm_network_interface.personal",
            "azurerm_resource_group.personal"
          ]
        },
        {
          "index_key": 1,
          "schema_version": 0,
          "attributes": {
            "additional_capabilities": [],
            "admin_password": null,
            "admin_ssh_key": [
              {
                "public_key": "ssh-rsa AAAAB3NzaC1yc2EAAAADAQABAAABgQCrAP/K1whla7Rwkrr+Dg7x5xGubrG0uR0WAG1aXmQIWV0LgUwyFP9DrYAdACGxnleOaNNhavOz4d1SPevG/gUjQ+7ww8l3U6HsVrsfrcPvLtktWepPMY+Tk8qdZ91mKHFhb+2q7kILwm/ioA8baIP9lyjqyvem7hHUdVINamnmmIuuiAU9suMZpDnSW2zNvVVX+Y7srTx59XylFq7RQCrZI2BPEPoT0F3rZ1y69QALw1m+2BaXRrnOM+7YcNWT6l66IrsK5++9K49fTB7AIVt7kF371InK7GrgKmKOYlugeNkgbs7VwWug4GRNJtbdIxnI6FQAP7g01GT9BftvetkWLIRfIIWSilYV7IIox+ol9XoTk2VrGHLYfGe4iyuVsvcWGvm82O3SS/BQkzI8GBAHLsZoDcw3NGnoY/Nz4+NTCgjoeqMCuXovgx2A4D2/ZINvuKAvUjfSqlul6RGACC12b0LZoUx6OvzqFvTT5x+rrvuavTCIcgky4BS7TrPdr48= mac@Balas-MacBook-Pro.local\n",
                "username": "adminuser"
              }
            ],
            "admin_username": "adminuser",
            "allow_extension_operations": true,
            "availability_set_id": "",
            "boot_diagnostics": [],
            "bypass_platform_safety_checks_on_user_schedule_enabled": false,
            "capacity_reservation_group_id": "",
            "computer_name": "personal-vm-1",
            "custom_data": null,
            "dedicated_host_group_id": "",
            "dedicated_host_id": "",
            "disable_password_authentication": true,
            "edge_zone": "",
            "encryption_at_host_enabled": false,
            "eviction_policy": "",
            "extensions_time_budget": "PT1H30M",
            "gallery_application": [],
            "id": "/subscriptions/16a1a756-aaf0-4c8b-9e40-c890ecc0ef6e/resourceGroups/personal-resources/providers/Microsoft.Compute/virtualMachines/personal-vm-1",
            "identity": [],
            "license_type": "",
            "location": "centralindia",
            "max_bid_price": -1,
            "name": "personal-vm-1",
            "network_interface_ids": [
              "/subscriptions/16a1a756-aaf0-4c8b-9e40-c890ecc0ef6e/resourceGroups/personal-resources/providers/Microsoft.Network/networkInterfaces/personal-nic-1"
            ],
            "os_disk": [
              {
                "caching": "ReadWrite",
                "diff_disk_settings": [],
                "disk_encryption_set_id": "",
                "disk_size_gb": 30,
                "name": "osdisk-1",
                "secure_vm_disk_encryption_set_id": "",
                "security_encryption_type": "",
                "storage_account_type": "Standard_LRS",
                "write_accelerator_enabled": false
              }
            ],
            "patch_assessment_mode": "ImageDefault",
            "patch_mode": "ImageDefault",
            "plan": [],
            "platform_fault_domain": -1,
            "priority": "Regular",
            "private_ip_address": "10.0.1.6",
            "private_ip_addresses": [
              "10.0.1.6"
            ],
            "provision_vm_agent": true,
            "proximity_placement_group_id": "",
            "public_ip_address": "20.219.167.237",
            "public_ip_addresses": [
              "20.219.167.237"
            ],
            "reboot_setting": "",
            "resource_group_name": "personal-resources",
            "secret": [],
            "secure_boot_enabled": false,
            "size": "Standard_D2_v3",
            "source_image_id": "",
            "source_image_reference": [
              {
                "offer": "debian-11",
                "publisher": "Debian",
                "sku": "11",
                "version": "latest"
              }
            ],
            "tags": null,
            "termination_notification": null,
            "timeouts": null,
            "user_data": "",
            "virtual_machine_id": "15521539-effb-42b6-9388-785441ae0bfb",
            "virtual_machine_scale_set_id": "",
            "vtpm_enabled": false,
            "zone": ""
          },
          "sensitive_attributes": [],
          "private": "eyJlMmJmYjczMC1lY2FhLTExZTYtOGY4OC0zNDM2M2JjN2M0YzAiOnsiY3JlYXRlIjoyNzAwMDAwMDAwMDAwLCJkZWxldGUiOjI3MDAwMDAwMDAwMDAsInJlYWQiOjMwMDAwMDAwMDAwMCwidXBkYXRlIjoyNzAwMDAwMDAwMDAwfX0=",
          "dependencies": [
            "azurerm_network_interface.personal",
            "azurerm_resource_group.personal"
          ]
        },
        {
          "index_key": 2,
          "schema_version": 0,
          "attributes": {
            "additional_capabilities": [],
            "admin_password": null,
            "admin_ssh_key": [
              {
                "public_key": "ssh-rsa AAAAB3NzaC1yc2EAAAADAQABAAABgQCrAP/K1whla7Rwkrr+Dg7x5xGubrG0uR0WAG1aXmQIWV0LgUwyFP9DrYAdACGxnleOaNNhavOz4d1SPevG/gUjQ+7ww8l3U6HsVrsfrcPvLtktWepPMY+Tk8qdZ91mKHFhb+2q7kILwm/ioA8baIP9lyjqyvem7hHUdVINamnmmIuuiAU9suMZpDnSW2zNvVVX+Y7srTx59XylFq7RQCrZI2BPEPoT0F3rZ1y69QALw1m+2BaXRrnOM+7YcNWT6l66IrsK5++9K49fTB7AIVt7kF371InK7GrgKmKOYlugeNkgbs7VwWug4GRNJtbdIxnI6FQAP7g01GT9BftvetkWLIRfIIWSilYV7IIox+ol9XoTk2VrGHLYfGe4iyuVsvcWGvm82O3SS/BQkzI8GBAHLsZoDcw3NGnoY/Nz4+NTCgjoeqMCuXovgx2A4D2/ZINvuKAvUjfSqlul6RGACC12b0LZoUx6OvzqFvTT5x+rrvuavTCIcgky4BS7TrPdr48= mac@Balas-MacBook-Pro.local\n",
                "username": "adminuser"
              }
            ],
            "admin_username": "adminuser",
            "allow_extension_operations": true,
            "availability_set_id": "",
            "boot_diagnostics": [],
            "bypass_platform_safety_checks_on_user_schedule_enabled": false,
            "capacity_reservation_group_id": "",
            "computer_name": "personal-vm-2",
            "custom_data": null,
            "dedicated_host_group_id": "",
            "dedicated_host_id": "",
            "disable_password_authentication": true,
            "edge_zone": "",
            "encryption_at_host_enabled": false,
            "eviction_policy": "",
            "extensions_time_budget": "PT1H30M",
            "gallery_application": [],
            "id": "/subscriptions/16a1a756-aaf0-4c8b-9e40-c890ecc0ef6e/resourceGroups/personal-resources/providers/Microsoft.Compute/virtualMachines/personal-vm-2",
            "identity": [],
            "license_type": "",
            "location": "centralindia",
            "max_bid_price": -1,
            "name": "personal-vm-2",
            "network_interface_ids": [
              "/subscriptions/16a1a756-aaf0-4c8b-9e40-c890ecc0ef6e/resourceGroups/personal-resources/providers/Microsoft.Network/networkInterfaces/personal-nic-2"
            ],
            "os_disk": [
              {
                "caching": "ReadWrite",
                "diff_disk_settings": [],
                "disk_encryption_set_id": "",
                "disk_size_gb": 30,
                "name": "osdisk-2",
                "secure_vm_disk_encryption_set_id": "",
                "security_encryption_type": "",
                "storage_account_type": "Standard_LRS",
                "write_accelerator_enabled": false
              }
            ],
            "patch_assessment_mode": "ImageDefault",
            "patch_mode": "ImageDefault",
            "plan": [],
            "platform_fault_domain": -1,
            "priority": "Regular",
            "private_ip_address": "10.0.1.4",
            "private_ip_addresses": [
              "10.0.1.4"
            ],
            "provision_vm_agent": true,
            "proximity_placement_group_id": "",
            "public_ip_address": "20.219.167.189",
            "public_ip_addresses": [
              "20.219.167.189"
            ],
            "reboot_setting": "",
            "resource_group_name": "personal-resources",
            "secret": [],
            "secure_boot_enabled": false,
            "size": "Standard_D2_v3",
            "source_image_id": "",
            "source_image_reference": [
              {
                "offer": "debian-11",
                "publisher": "Debian",
                "sku": "11",
                "version": "latest"
              }
            ],
            "tags": null,
            "termination_notification": null,
            "timeouts": null,
            "user_data": "",
            "virtual_machine_id": "010ffd31-0e10-4f11-876c-57fed8e1810d",
            "virtual_machine_scale_set_id": "",
            "vtpm_enabled": false,
            "zone": ""
          },
          "sensitive_attributes": [],
          "private": "eyJlMmJmYjczMC1lY2FhLTExZTYtOGY4OC0zNDM2M2JjN2M0YzAiOnsiY3JlYXRlIjoyNzAwMDAwMDAwMDAwLCJkZWxldGUiOjI3MDAwMDAwMDAwMDAsInJlYWQiOjMwMDAwMDAwMDAwMCwidXBkYXRlIjoyNzAwMDAwMDAwMDAwfX0=",
          "dependencies": [
            "azurerm_network_interface.personal",
            "azurerm_resource_group.personal"
          ]
        }
      ]
    },
    {
      "mode": "managed",
      "type": "azurerm_network_interface",
      "name": "personal",
      "provider": "provider[\"registry.terraform.io/hashicorp/azurerm\"]",
      "instances": [
        {
          "index_key": 0,
          "schema_version": 0,
          "attributes": {
            "applied_dns_servers": [],
            "dns_servers": [],
            "edge_zone": "",
            "enable_accelerated_networking": false,
            "enable_ip_forwarding": false,
            "id": "/subscriptions/16a1a756-aaf0-4c8b-9e40-c890ecc0ef6e/resourceGroups/personal-resources/providers/Microsoft.Network/networkInterfaces/personal-nic-0",
            "internal_dns_name_label": "",
            "internal_domain_name_suffix": "4ltasfqyhyaexoydscbgw0hkbb.rx.internal.cloudapp.net",
            "ip_configuration": [
              {
                "gateway_load_balancer_frontend_ip_configuration_id": "",
                "name": "internal",
                "primary": true,
                "private_ip_address": "10.0.1.5",
                "private_ip_address_allocation": "Dynamic",
                "private_ip_address_version": "IPv4",
                "public_ip_address_id": "/subscriptions/16a1a756-aaf0-4c8b-9e40-c890ecc0ef6e/resourceGroups/personal-resources/providers/Microsoft.Network/publicIPAddresses/personal-publicip-0",
                "subnet_id": "/subscriptions/16a1a756-aaf0-4c8b-9e40-c890ecc0ef6e/resourceGroups/personal-resources/providers/Microsoft.Network/virtualNetworks/personal-network/subnets/personal-subnet"
              }
            ],
            "location": "centralindia",
            "mac_address": "",
            "name": "personal-nic-0",
            "private_ip_address": "10.0.1.5",
            "private_ip_addresses": [
              "10.0.1.5"
            ],
            "resource_group_name": "personal-resources",
            "tags": {},
            "timeouts": null,
            "virtual_machine_id": ""
          },
          "sensitive_attributes": [],
          "private": "eyJlMmJmYjczMC1lY2FhLTExZTYtOGY4OC0zNDM2M2JjN2M0YzAiOnsiY3JlYXRlIjoxODAwMDAwMDAwMDAwLCJkZWxldGUiOjE4MDAwMDAwMDAwMDAsInJlYWQiOjMwMDAwMDAwMDAwMCwidXBkYXRlIjoxODAwMDAwMDAwMDAwfX0=",
          "dependencies": [
            "azurerm_public_ip.personal",
            "azurerm_resource_group.personal",
            "azurerm_subnet.personal",
            "azurerm_virtual_network.personal"
          ]
        },
        {
          "index_key": 1,
          "schema_version": 0,
          "attributes": {
            "applied_dns_servers": [],
            "dns_servers": [],
            "edge_zone": "",
            "enable_accelerated_networking": false,
            "enable_ip_forwarding": false,
            "id": "/subscriptions/16a1a756-aaf0-4c8b-9e40-c890ecc0ef6e/resourceGroups/personal-resources/providers/Microsoft.Network/networkInterfaces/personal-nic-1",
            "internal_dns_name_label": "",
            "internal_domain_name_suffix": "4ltasfqyhyaexoydscbgw0hkbb.rx.internal.cloudapp.net",
            "ip_configuration": [
              {
                "gateway_load_balancer_frontend_ip_configuration_id": "",
                "name": "internal",
                "primary": true,
                "private_ip_address": "10.0.1.6",
                "private_ip_address_allocation": "Dynamic",
                "private_ip_address_version": "IPv4",
                "public_ip_address_id": "/subscriptions/16a1a756-aaf0-4c8b-9e40-c890ecc0ef6e/resourceGroups/personal-resources/providers/Microsoft.Network/publicIPAddresses/personal-publicip-1",
                "subnet_id": "/subscriptions/16a1a756-aaf0-4c8b-9e40-c890ecc0ef6e/resourceGroups/personal-resources/providers/Microsoft.Network/virtualNetworks/personal-network/subnets/personal-subnet"
              }
            ],
            "location": "centralindia",
            "mac_address": "",
            "name": "personal-nic-1",
            "private_ip_address": "10.0.1.6",
            "private_ip_addresses": [
              "10.0.1.6"
            ],
            "resource_group_name": "personal-resources",
            "tags": {},
            "timeouts": null,
            "virtual_machine_id": ""
          },
          "sensitive_attributes": [],
          "private": "eyJlMmJmYjczMC1lY2FhLTExZTYtOGY4OC0zNDM2M2JjN2M0YzAiOnsiY3JlYXRlIjoxODAwMDAwMDAwMDAwLCJkZWxldGUiOjE4MDAwMDAwMDAwMDAsInJlYWQiOjMwMDAwMDAwMDAwMCwidXBkYXRlIjoxODAwMDAwMDAwMDAwfX0=",
          "dependencies": [
            "azurerm_public_ip.personal",
            "azurerm_resource_group.personal",
            "azurerm_subnet.personal",
            "azurerm_virtual_network.personal"
          ]
        },
        {
          "index_key": 2,
          "schema_version": 0,
          "attributes": {
            "applied_dns_servers": [],
            "dns_servers": [],
            "edge_zone": "",
            "enable_accelerated_networking": false,
            "enable_ip_forwarding": false,
            "id": "/subscriptions/16a1a756-aaf0-4c8b-9e40-c890ecc0ef6e/resourceGroups/personal-resources/providers/Microsoft.Network/networkInterfaces/personal-nic-2",
            "internal_dns_name_label": "",
            "internal_domain_name_suffix": "4ltasfqyhyaexoydscbgw0hkbb.rx.internal.cloudapp.net",
            "ip_configuration": [
              {
                "gateway_load_balancer_frontend_ip_configuration_id": "",
                "name": "internal",
                "primary": true,
                "private_ip_address": "10.0.1.4",
                "private_ip_address_allocation": "Dynamic",
                "private_ip_address_version": "IPv4",
                "public_ip_address_id": "/subscriptions/16a1a756-aaf0-4c8b-9e40-c890ecc0ef6e/resourceGroups/personal-resources/providers/Microsoft.Network/publicIPAddresses/personal-publicip-2",
                "subnet_id": "/subscriptions/16a1a756-aaf0-4c8b-9e40-c890ecc0ef6e/resourceGroups/personal-resources/providers/Microsoft.Network/virtualNetworks/personal-network/subnets/personal-subnet"
              }
            ],
            "location": "centralindia",
            "mac_address": "",
            "name": "personal-nic-2",
            "private_ip_address": "10.0.1.4",
            "private_ip_addresses": [
              "10.0.1.4"
            ],
            "resource_group_name": "personal-resources",
            "tags": {},
            "timeouts": null,
            "virtual_machine_id": ""
          },
          "sensitive_attributes": [],
          "private": "eyJlMmJmYjczMC1lY2FhLTExZTYtOGY4OC0zNDM2M2JjN2M0YzAiOnsiY3JlYXRlIjoxODAwMDAwMDAwMDAwLCJkZWxldGUiOjE4MDAwMDAwMDAwMDAsInJlYWQiOjMwMDAwMDAwMDAwMCwidXBkYXRlIjoxODAwMDAwMDAwMDAwfX0=",
          "dependencies": [
            "azurerm_public_ip.personal",
            "azurerm_resource_group.personal",
            "azurerm_subnet.personal",
            "azurerm_virtual_network.personal"
          ]
        }
      ]
    },
    {
      "mode": "managed",
      "type": "azurerm_network_security_group",
      "name": "personal",
      "provider": "provider[\"registry.terraform.io/hashicorp/azurerm\"]",
      "instances": [
        {
          "schema_version": 0,
          "attributes": {
            "id": "/subscriptions/16a1a756-aaf0-4c8b-9e40-c890ecc0ef6e/resourceGroups/personal-resources/providers/Microsoft.Network/networkSecurityGroups/personal-nsg",
            "location": "centralindia",
            "name": "personal-nsg",
            "resource_group_name": "personal-resources",
            "security_rule": [
              {
                "access": "Allow",
                "description": "",
                "destination_address_prefix": "10.0.1.4",
                "destination_address_prefixes": [],
                "destination_application_security_group_ids": [],
                "destination_port_range": "22",
                "destination_port_ranges": [],
                "direction": "Inbound",
                "name": "allow-ssh-2",
                "priority": 102,
                "protocol": "Tcp",
                "source_address_prefix": "0.0.0.0/0",
                "source_address_prefixes": [],
                "source_application_security_group_ids": [],
                "source_port_range": "*",
                "source_port_ranges": []
              },
              {
                "access": "Allow",
                "description": "",
                "destination_address_prefix": "10.0.1.5",
                "destination_address_prefixes": [],
                "destination_application_security_group_ids": [],
                "destination_port_range": "22",
                "destination_port_ranges": [],
                "direction": "Inbound",
                "name": "allow-ssh-0",
                "priority": 100,
                "protocol": "Tcp",
                "source_address_prefix": "0.0.0.0/0",
                "source_address_prefixes": [],
                "source_application_security_group_ids": [],
                "source_port_range": "*",
                "source_port_ranges": []
              },
              {
                "access": "Allow",
                "description": "",
                "destination_address_prefix": "10.0.1.6",
                "destination_address_prefixes": [],
                "destination_application_security_group_ids": [],
                "destination_port_range": "22",
                "destination_port_ranges": [],
                "direction": "Inbound",
                "name": "allow-ssh-1",
                "priority": 101,
                "protocol": "Tcp",
                "source_address_prefix": "0.0.0.0/0",
                "source_address_prefixes": [],
                "source_application_security_group_ids": [],
                "source_port_range": "*",
                "source_port_ranges": []
              }
            ],
            "tags": {},
            "timeouts": null
          },
          "sensitive_attributes": [],
          "private": "eyJlMmJmYjczMC1lY2FhLTExZTYtOGY4OC0zNDM2M2JjN2M0YzAiOnsiY3JlYXRlIjoxODAwMDAwMDAwMDAwLCJkZWxldGUiOjE4MDAwMDAwMDAwMDAsInJlYWQiOjMwMDAwMDAwMDAwMCwidXBkYXRlIjoxODAwMDAwMDAwMDAwfX0=",
          "dependencies": [
            "azurerm_resource_group.personal"
          ]
        }
      ]
    },
    {
      "mode": "managed",
      "type": "azurerm_network_security_rule",
      "name": "personal",
      "provider": "provider[\"registry.terraform.io/hashicorp/azurerm\"]",
      "instances": [
        {
          "index_key": 0,
          "schema_version": 0,
          "attributes": {
            "access": "Allow",
            "description": "",
            "destination_address_prefix": "10.0.1.5",
            "destination_address_prefixes": [],
            "destination_application_security_group_ids": [],
            "destination_port_range": "22",
            "destination_port_ranges": [],
            "direction": "Inbound",
            "id": "/subscriptions/16a1a756-aaf0-4c8b-9e40-c890ecc0ef6e/resourceGroups/personal-resources/providers/Microsoft.Network/networkSecurityGroups/personal-nsg/securityRules/allow-ssh-0",
            "name": "allow-ssh-0",
            "network_security_group_name": "personal-nsg",
            "priority": 100,
            "protocol": "Tcp",
            "resource_group_name": "personal-resources",
            "source_address_prefix": "0.0.0.0/0",
            "source_address_prefixes": [],
            "source_application_security_group_ids": [],
            "source_port_range": "*",
            "source_port_ranges": [],
            "timeouts": null
          },
          "sensitive_attributes": [],
          "private": "eyJlMmJmYjczMC1lY2FhLTExZTYtOGY4OC0zNDM2M2JjN2M0YzAiOnsiY3JlYXRlIjoxODAwMDAwMDAwMDAwLCJkZWxldGUiOjE4MDAwMDAwMDAwMDAsInJlYWQiOjMwMDAwMDAwMDAwMCwidXBkYXRlIjoxODAwMDAwMDAwMDAwfX0=",
          "dependencies": [
            "azurerm_network_interface.personal",
            "azurerm_network_security_group.personal",
            "azurerm_public_ip.personal",
            "azurerm_resource_group.personal",
            "azurerm_subnet.personal",
            "azurerm_virtual_network.personal"
          ]
        },
        {
          "index_key": 1,
          "schema_version": 0,
          "attributes": {
            "access": "Allow",
            "description": "",
            "destination_address_prefix": "10.0.1.6",
            "destination_address_prefixes": [],
            "destination_application_security_group_ids": [],
            "destination_port_range": "22",
            "destination_port_ranges": [],
            "direction": "Inbound",
            "id": "/subscriptions/16a1a756-aaf0-4c8b-9e40-c890ecc0ef6e/resourceGroups/personal-resources/providers/Microsoft.Network/networkSecurityGroups/personal-nsg/securityRules/allow-ssh-1",
            "name": "allow-ssh-1",
            "network_security_group_name": "personal-nsg",
            "priority": 101,
            "protocol": "Tcp",
            "resource_group_name": "personal-resources",
            "source_address_prefix": "0.0.0.0/0",
            "source_address_prefixes": [],
            "source_application_security_group_ids": [],
            "source_port_range": "*",
            "source_port_ranges": [],
            "timeouts": null
          },
          "sensitive_attributes": [],
          "private": "eyJlMmJmYjczMC1lY2FhLTExZTYtOGY4OC0zNDM2M2JjN2M0YzAiOnsiY3JlYXRlIjoxODAwMDAwMDAwMDAwLCJkZWxldGUiOjE4MDAwMDAwMDAwMDAsInJlYWQiOjMwMDAwMDAwMDAwMCwidXBkYXRlIjoxODAwMDAwMDAwMDAwfX0=",
          "dependencies": [
            "azurerm_network_interface.personal",
            "azurerm_network_security_group.personal",
            "azurerm_public_ip.personal",
            "azurerm_resource_group.personal",
            "azurerm_subnet.personal",
            "azurerm_virtual_network.personal"
          ]
        },
        {
          "index_key": 2,
          "schema_version": 0,
          "attributes": {
            "access": "Allow",
            "description": "",
            "destination_address_prefix": "10.0.1.4",
            "destination_address_prefixes": [],
            "destination_application_security_group_ids": [],
            "destination_port_range": "22",
            "destination_port_ranges": [],
            "direction": "Inbound",
            "id": "/subscriptions/16a1a756-aaf0-4c8b-9e40-c890ecc0ef6e/resourceGroups/personal-resources/providers/Microsoft.Network/networkSecurityGroups/personal-nsg/securityRules/allow-ssh-2",
            "name": "allow-ssh-2",
            "network_security_group_name": "personal-nsg",
            "priority": 102,
            "protocol": "Tcp",
            "resource_group_name": "personal-resources",
            "source_address_prefix": "0.0.0.0/0",
            "source_address_prefixes": [],
            "source_application_security_group_ids": [],
            "source_port_range": "*",
            "source_port_ranges": [],
            "timeouts": null
          },
          "sensitive_attributes": [],
          "private": "eyJlMmJmYjczMC1lY2FhLTExZTYtOGY4OC0zNDM2M2JjN2M0YzAiOnsiY3JlYXRlIjoxODAwMDAwMDAwMDAwLCJkZWxldGUiOjE4MDAwMDAwMDAwMDAsInJlYWQiOjMwMDAwMDAwMDAwMCwidXBkYXRlIjoxODAwMDAwMDAwMDAwfX0=",
          "dependencies": [
            "azurerm_network_interface.personal",
            "azurerm_network_security_group.personal",
            "azurerm_public_ip.personal",
            "azurerm_resource_group.personal",
            "azurerm_subnet.personal",
            "azurerm_virtual_network.personal"
          ]
        }
      ]
    },
    {
      "mode": "managed",
      "type": "azurerm_public_ip",
      "name": "personal",
      "provider": "provider[\"registry.terraform.io/hashicorp/azurerm\"]",
      "instances": [
        {
          "index_key": 0,
          "schema_version": 0,
          "attributes": {
            "allocation_method": "Dynamic",
            "ddos_protection_mode": "VirtualNetworkInherited",
            "ddos_protection_plan_id": null,
            "domain_name_label": null,
            "edge_zone": "",
            "fqdn": null,
            "id": "/subscriptions/16a1a756-aaf0-4c8b-9e40-c890ecc0ef6e/resourceGroups/personal-resources/providers/Microsoft.Network/publicIPAddresses/personal-publicip-0",
            "idle_timeout_in_minutes": 4,
            "ip_address": "",
            "ip_tags": {},
            "ip_version": "IPv4",
            "location": "centralindia",
            "name": "personal-publicip-0",
            "public_ip_prefix_id": null,
            "resource_group_name": "personal-resources",
            "reverse_fqdn": null,
            "sku": "Basic",
            "sku_tier": "Regional",
            "tags": {},
            "timeouts": null,
            "zones": []
          },
          "sensitive_attributes": [],
          "private": "eyJlMmJmYjczMC1lY2FhLTExZTYtOGY4OC0zNDM2M2JjN2M0YzAiOnsiY3JlYXRlIjoxODAwMDAwMDAwMDAwLCJkZWxldGUiOjE4MDAwMDAwMDAwMDAsInJlYWQiOjMwMDAwMDAwMDAwMCwidXBkYXRlIjoxODAwMDAwMDAwMDAwfX0=",
          "dependencies": [
            "azurerm_resource_group.personal"
          ]
        },
        {
          "index_key": 1,
          "schema_version": 0,
          "attributes": {
            "allocation_method": "Dynamic",
            "ddos_protection_mode": "VirtualNetworkInherited",
            "ddos_protection_plan_id": null,
            "domain_name_label": null,
            "edge_zone": "",
            "fqdn": null,
            "id": "/subscriptions/16a1a756-aaf0-4c8b-9e40-c890ecc0ef6e/resourceGroups/personal-resources/providers/Microsoft.Network/publicIPAddresses/personal-publicip-1",
            "idle_timeout_in_minutes": 4,
            "ip_address": "",
            "ip_tags": {},
            "ip_version": "IPv4",
            "location": "centralindia",
            "name": "personal-publicip-1",
            "public_ip_prefix_id": null,
            "resource_group_name": "personal-resources",
            "reverse_fqdn": null,
            "sku": "Basic",
            "sku_tier": "Regional",
            "tags": {},
            "timeouts": null,
            "zones": []
          },
          "sensitive_attributes": [],
          "private": "eyJlMmJmYjczMC1lY2FhLTExZTYtOGY4OC0zNDM2M2JjN2M0YzAiOnsiY3JlYXRlIjoxODAwMDAwMDAwMDAwLCJkZWxldGUiOjE4MDAwMDAwMDAwMDAsInJlYWQiOjMwMDAwMDAwMDAwMCwidXBkYXRlIjoxODAwMDAwMDAwMDAwfX0=",
          "dependencies": [
            "azurerm_resource_group.personal"
          ]
        },
        {
          "index_key": 2,
          "schema_version": 0,
          "attributes": {
            "allocation_method": "Dynamic",
            "ddos_protection_mode": "VirtualNetworkInherited",
            "ddos_protection_plan_id": null,
            "domain_name_label": null,
            "edge_zone": "",
            "fqdn": null,
            "id": "/subscriptions/16a1a756-aaf0-4c8b-9e40-c890ecc0ef6e/resourceGroups/personal-resources/providers/Microsoft.Network/publicIPAddresses/personal-publicip-2",
            "idle_timeout_in_minutes": 4,
            "ip_address": "",
            "ip_tags": {},
            "ip_version": "IPv4",
            "location": "centralindia",
            "name": "personal-publicip-2",
            "public_ip_prefix_id": null,
            "resource_group_name": "personal-resources",
            "reverse_fqdn": null,
            "sku": "Basic",
            "sku_tier": "Regional",
            "tags": {},
            "timeouts": null,
            "zones": []
          },
          "sensitive_attributes": [],
          "private": "eyJlMmJmYjczMC1lY2FhLTExZTYtOGY4OC0zNDM2M2JjN2M0YzAiOnsiY3JlYXRlIjoxODAwMDAwMDAwMDAwLCJkZWxldGUiOjE4MDAwMDAwMDAwMDAsInJlYWQiOjMwMDAwMDAwMDAwMCwidXBkYXRlIjoxODAwMDAwMDAwMDAwfX0=",
          "dependencies": [
            "azurerm_resource_group.personal"
          ]
        }
      ]
    },
    {
      "mode": "managed",
      "type": "azurerm_resource_group",
      "name": "personal",
      "provider": "provider[\"registry.terraform.io/hashicorp/azurerm\"]",
      "instances": [
        {
          "schema_version": 0,
          "attributes": {
            "id": "/subscriptions/16a1a756-aaf0-4c8b-9e40-c890ecc0ef6e/resourceGroups/personal-resources",
            "location": "centralindia",
            "managed_by": "",
            "name": "personal-resources",
            "tags": {},
            "timeouts": null
          },
          "sensitive_attributes": [],
          "private": "eyJlMmJmYjczMC1lY2FhLTExZTYtOGY4OC0zNDM2M2JjN2M0YzAiOnsiY3JlYXRlIjo1NDAwMDAwMDAwMDAwLCJkZWxldGUiOjU0MDAwMDAwMDAwMDAsInJlYWQiOjMwMDAwMDAwMDAwMCwidXBkYXRlIjo1NDAwMDAwMDAwMDAwfX0="
        }
      ]
    },
    {
      "mode": "managed",
      "type": "azurerm_subnet",
      "name": "personal",
      "provider": "provider[\"registry.terraform.io/hashicorp/azurerm\"]",
      "instances": [
        {
          "schema_version": 0,
          "attributes": {
            "address_prefixes": [
              "10.0.1.0/24"
            ],
            "delegation": [],
            "enforce_private_link_endpoint_network_policies": false,
            "enforce_private_link_service_network_policies": false,
            "id": "/subscriptions/16a1a756-aaf0-4c8b-9e40-c890ecc0ef6e/resourceGroups/personal-resources/providers/Microsoft.Network/virtualNetworks/personal-network/subnets/personal-subnet",
            "name": "personal-subnet",
            "private_endpoint_network_policies_enabled": true,
            "private_link_service_network_policies_enabled": true,
            "resource_group_name": "personal-resources",
            "service_endpoint_policy_ids": [],
            "service_endpoints": [],
            "timeouts": null,
            "virtual_network_name": "personal-network"
          },
          "sensitive_attributes": [],
          "private": "eyJlMmJmYjczMC1lY2FhLTExZTYtOGY4OC0zNDM2M2JjN2M0YzAiOnsiY3JlYXRlIjoxODAwMDAwMDAwMDAwLCJkZWxldGUiOjE4MDAwMDAwMDAwMDAsInJlYWQiOjMwMDAwMDAwMDAwMCwidXBkYXRlIjoxODAwMDAwMDAwMDAwfX0=",
          "dependencies": [
            "azurerm_resource_group.personal",
            "azurerm_virtual_network.personal"
          ]
        }
      ]
    },
    {
      "mode": "managed",
      "type": "azurerm_virtual_network",
      "name": "personal",
      "provider": "provider[\"registry.terraform.io/hashicorp/azurerm\"]",
      "instances": [
        {
          "schema_version": 0,
          "attributes": {
            "address_space": [
              "10.0.0.0/16"
            ],
            "bgp_community": "",
            "ddos_protection_plan": [],
            "dns_servers": [],
            "edge_zone": "",
            "encryption": [],
            "flow_timeout_in_minutes": 0,
            "guid": "1609e6f2-3e18-4b00-bb03-90826b68ea09",
            "id": "/subscriptions/16a1a756-aaf0-4c8b-9e40-c890ecc0ef6e/resourceGroups/personal-resources/providers/Microsoft.Network/virtualNetworks/personal-network",
            "location": "centralindia",
            "name": "personal-network",
            "resource_group_name": "personal-resources",
            "subnet": [
              {
                "address_prefix": "10.0.1.0/24",
                "id": "/subscriptions/16a1a756-aaf0-4c8b-9e40-c890ecc0ef6e/resourceGroups/personal-resources/providers/Microsoft.Network/virtualNetworks/personal-network/subnets/personal-subnet",
                "name": "personal-subnet",
                "security_group": ""
              }
            ],
            "tags": {},
            "timeouts": null
          },
          "sensitive_attributes": [],
          "private": "eyJlMmJmYjczMC1lY2FhLTExZTYtOGY4OC0zNDM2M2JjN2M0YzAiOnsiY3JlYXRlIjoxODAwMDAwMDAwMDAwLCJkZWxldGUiOjE4MDAwMDAwMDAwMDAsInJlYWQiOjMwMDAwMDAwMDAwMCwidXBkYXRlIjoxODAwMDAwMDAwMDAwfX0=",
          "dependencies": [
            "azurerm_resource_group.personal"
          ]
        }
      ]
    }
  ],
  "check_results": null
}
